PODS:
  - Eureka (4.3.0)
  - FloatLabelTextInput (1.0):
    - Eureka (~> 4.3)

DEPENDENCIES:
  - FloatLabelTextInput (from `../`)

SPEC REPOS:
  https://github.com/cocoapods/specs.git:
    - Eureka

EXTERNAL SOURCES:
  FloatLabelTextInput:
    :path: "../"

SPEC CHECKSUMS:
  Eureka: 6d711cb30ca333b4bc893110285a722ae3840114
  FloatLabelTextInput: 03c3e2bc34766ba159aaae322974a68542bfbb88

PODFILE CHECKSUM: d00da436f0bf58d43da48325c3f0b067c71c724f

COCOAPODS: 1.5.3
