PODS:
  - Eureka (5.0.0)
  - FloatLabelTextInput (1.0):
    - Eureka (~> 5.0)

DEPENDENCIES:
  - FloatLabelTextInput (from `../`)

SPEC REPOS:
  https://github.com/cocoapods/specs.git:
    - Eureka

EXTERNAL SOURCES:
  FloatLabelTextInput:
    :path: "../"

SPEC CHECKSUMS:
  Eureka: 0f64f477ec8ef6201c6fec143d60ff5c201cf654
  FloatLabelTextInput: b393be534b342c5a8d66b64b4c056a0394388d8f

PODFILE CHECKSUM: d00da436f0bf58d43da48325c3f0b067c71c724f

COCOAPODS: 1.7.3
