PODS:
  - Eureka (4.3.0)
  - FloatLabelTextInput (0.1.0):
    - Eureka (~> 4.3)

DEPENDENCIES:
  - FloatLabelTextInput (from `../`)

SPEC REPOS:
  https://github.com/cocoapods/specs.git:
    - Eureka

EXTERNAL SOURCES:
  FloatLabelTextInput:
    :path: "../"

SPEC CHECKSUMS:
  Eureka: 6d711cb30ca333b4bc893110285a722ae3840114
  FloatLabelTextInput: cee426546aab402a2dd566def27c4170adf95f41

PODFILE CHECKSUM: f506e344919b6ee377eda6c3cb0673c9a3de5c87

COCOAPODS: 1.5.3
